
Microsoft Visual Studio Solution File, Format Version 12.00
Project("{FAE04EC0-301F-11D3-BF4B-00C04F79EFBC}") = "CsharpStudy.Game", "CsharpStudy.Game\CsharpStudy.Game.csproj", "{B9B292B8-A726-4BC2-949A-F6DBBE2E9DDE}"
EndProject
Project("{FAE04EC0-301F-11D3-BF4B-00C04F79EFBC}") = "CsharpStudy.Asset", "CsharpStudy.Asset\CsharpStudy.Asset.csproj", "{2FE70544-BD52-44AB-868B-72D036418F75}"
EndProject
Project("{FAE04EC0-301F-11D3-BF4B-00C04F79EFBC}") = "CsharpStudy.Game.Tests", "CsharpStudy.Game.Tests\CsharpStudy.Game.Tests.csproj", "{78365877-6B2D-4FE6-94ED-FECEFBE24C66}"
EndProject
Project("{FAE04EC0-301F-11D3-BF4B-00C04F79EFBC}") = "ConsoleApp1", "ConsoleApp1\ConsoleApp1.csproj", "{CB4747A9-F1E0-4D06-BA47-3C27DB23846A}"
EndProject
Project("{FAE04EC0-301F-11D3-BF4B-00C04F79EFBC}") = "CsharpStudy.Debug", "CsharpStudy.Debug\CsharpStudy.Debug.csproj", "{D7E7255B-9AC7-49B0-84B8-B7C78AD91770}"
EndProject
Project("{FAE04EC0-301F-11D3-BF4B-00C04F79EFBC}") = "FP", "FP\FP.csproj", "{B42F1C7E-DAAF-4844-B2F7-CC18C04370B1}"
EndProject
Project("{FAE04EC0-301F-11D3-BF4B-00C04F79EFBC}") = "FP2", "FP2\FP2.csproj", "{C6E9CD82-55D2-4FAA-9145-47448211A326}"
EndProject
Project("{FAE04EC0-301F-11D3-BF4B-00C04F79EFBC}") = "File", "File\File.csproj", "{95D608C3-9E5D-4204-A7C3-5884D110FF44}"
EndProject
Project("{FAE04EC0-301F-11D3-BF4B-00C04F79EFBC}") = "Data", "Data\Data.csproj", "{6DE12E5A-CA2E-40D7-832E-D505BC1FADC0}"
EndProject
Project("{FAE04EC0-301F-11D3-BF4B-00C04F79EFBC}") = "JsonSerialization", "JsonSerialization\JsonSerialization.csproj", "{73EE37CC-2B11-471F-B1D0-88F965F6ABDD}"
EndProject
Project("{FAE04EC0-301F-11D3-BF4B-00C04F79EFBC}") = "Async", "Async\Async.csproj", "{D1B8F3C9-3469-409D-97C4-E8FDF7CD43F0}"
EndProject
Global
	GlobalSection(SolutionConfigurationPlatforms) = preSolution
		Debug|Any CPU = Debug|Any CPU
		Release|Any CPU = Release|Any CPU
	EndGlobalSection
	GlobalSection(ProjectConfigurationPlatforms) = postSolution
		{B9B292B8-A726-4BC2-949A-F6DBBE2E9DDE}.Debug|Any CPU.ActiveCfg = Debug|Any CPU
		{B9B292B8-A726-4BC2-949A-F6DBBE2E9DDE}.Debug|Any CPU.Build.0 = Debug|Any CPU
		{B9B292B8-A726-4BC2-949A-F6DBBE2E9DDE}.Release|Any CPU.ActiveCfg = Release|Any CPU
		{B9B292B8-A726-4BC2-949A-F6DBBE2E9DDE}.Release|Any CPU.Build.0 = Release|Any CPU
		{2FE70544-BD52-44AB-868B-72D036418F75}.Debug|Any CPU.ActiveCfg = Debug|Any CPU
		{2FE70544-BD52-44AB-868B-72D036418F75}.Debug|Any CPU.Build.0 = Debug|Any CPU
		{2FE70544-BD52-44AB-868B-72D036418F75}.Release|Any CPU.ActiveCfg = Release|Any CPU
		{2FE70544-BD52-44AB-868B-72D036418F75}.Release|Any CPU.Build.0 = Release|Any CPU
		{78365877-6B2D-4FE6-94ED-FECEFBE24C66}.Debug|Any CPU.ActiveCfg = Debug|Any CPU
		{78365877-6B2D-4FE6-94ED-FECEFBE24C66}.Debug|Any CPU.Build.0 = Debug|Any CPU
		{78365877-6B2D-4FE6-94ED-FECEFBE24C66}.Release|Any CPU.ActiveCfg = Release|Any CPU
		{78365877-6B2D-4FE6-94ED-FECEFBE24C66}.Release|Any CPU.Build.0 = Release|Any CPU
		{CB4747A9-F1E0-4D06-BA47-3C27DB23846A}.Debug|Any CPU.ActiveCfg = Debug|Any CPU
		{CB4747A9-F1E0-4D06-BA47-3C27DB23846A}.Debug|Any CPU.Build.0 = Debug|Any CPU
		{CB4747A9-F1E0-4D06-BA47-3C27DB23846A}.Release|Any CPU.ActiveCfg = Release|Any CPU
		{CB4747A9-F1E0-4D06-BA47-3C27DB23846A}.Release|Any CPU.Build.0 = Release|Any CPU
		{D7E7255B-9AC7-49B0-84B8-B7C78AD91770}.Debug|Any CPU.ActiveCfg = Debug|Any CPU
		{D7E7255B-9AC7-49B0-84B8-B7C78AD91770}.Debug|Any CPU.Build.0 = Debug|Any CPU
		{D7E7255B-9AC7-49B0-84B8-B7C78AD91770}.Release|Any CPU.ActiveCfg = Release|Any CPU
		{D7E7255B-9AC7-49B0-84B8-B7C78AD91770}.Release|Any CPU.Build.0 = Release|Any CPU
		{B42F1C7E-DAAF-4844-B2F7-CC18C04370B1}.Debug|Any CPU.ActiveCfg = Debug|Any CPU
		{B42F1C7E-DAAF-4844-B2F7-CC18C04370B1}.Debug|Any CPU.Build.0 = Debug|Any CPU
		{B42F1C7E-DAAF-4844-B2F7-CC18C04370B1}.Release|Any CPU.ActiveCfg = Release|Any CPU
		{B42F1C7E-DAAF-4844-B2F7-CC18C04370B1}.Release|Any CPU.Build.0 = Release|Any CPU
		{C6E9CD82-55D2-4FAA-9145-47448211A326}.Debug|Any CPU.ActiveCfg = Debug|Any CPU
		{C6E9CD82-55D2-4FAA-9145-47448211A326}.Debug|Any CPU.Build.0 = Debug|Any CPU
		{C6E9CD82-55D2-4FAA-9145-47448211A326}.Release|Any CPU.ActiveCfg = Release|Any CPU
		{C6E9CD82-55D2-4FAA-9145-47448211A326}.Release|Any CPU.Build.0 = Release|Any CPU
		{95D608C3-9E5D-4204-A7C3-5884D110FF44}.Debug|Any CPU.ActiveCfg = Debug|Any CPU
		{95D608C3-9E5D-4204-A7C3-5884D110FF44}.Debug|Any CPU.Build.0 = Debug|Any CPU
		{95D608C3-9E5D-4204-A7C3-5884D110FF44}.Release|Any CPU.ActiveCfg = Release|Any CPU
		{95D608C3-9E5D-4204-A7C3-5884D110FF44}.Release|Any CPU.Build.0 = Release|Any CPU
		{6DE12E5A-CA2E-40D7-832E-D505BC1FADC0}.Debug|Any CPU.ActiveCfg = Debug|Any CPU
		{6DE12E5A-CA2E-40D7-832E-D505BC1FADC0}.Debug|Any CPU.Build.0 = Debug|Any CPU
		{6DE12E5A-CA2E-40D7-832E-D505BC1FADC0}.Release|Any CPU.ActiveCfg = Release|Any CPU
		{6DE12E5A-CA2E-40D7-832E-D505BC1FADC0}.Release|Any CPU.Build.0 = Release|Any CPU
		{73EE37CC-2B11-471F-B1D0-88F965F6ABDD}.Debug|Any CPU.ActiveCfg = Debug|Any CPU
		{73EE37CC-2B11-471F-B1D0-88F965F6ABDD}.Debug|Any CPU.Build.0 = Debug|Any CPU
		{73EE37CC-2B11-471F-B1D0-88F965F6ABDD}.Release|Any CPU.ActiveCfg = Release|Any CPU
		{73EE37CC-2B11-471F-B1D0-88F965F6ABDD}.Release|Any CPU.Build.0 = Release|Any CPU
		{D1B8F3C9-3469-409D-97C4-E8FDF7CD43F0}.Debug|Any CPU.ActiveCfg = Debug|Any CPU
		{D1B8F3C9-3469-409D-97C4-E8FDF7CD43F0}.Debug|Any CPU.Build.0 = Debug|Any CPU
		{D1B8F3C9-3469-409D-97C4-E8FDF7CD43F0}.Release|Any CPU.ActiveCfg = Release|Any CPU
		{D1B8F3C9-3469-409D-97C4-E8FDF7CD43F0}.Release|Any CPU.Build.0 = Release|Any CPU
	EndGlobalSection
EndGlobal
